# THIS IS AN AUTOGENERATED FILE. DO NOT EDIT THIS FILE DIRECTLY.
# yarn lockfile v1


"@popperjs/core@^2.9.3":
  version "2.11.8"
  resolved "https://registry.yarnpkg.com/@popperjs/core/-/core-2.11.8.tgz#6b79032e760a0899cd4204710beede972a3a185f"
  integrity sha512-P1st0aksCrn9sGZhp8GMYwBnQsbvAWsZAX44oXNNvLHGqAOcoVxmjZiohstwQ7SqKnbR47akdNi+uleWD8+g6A==

"@rails/actioncable@>= 6.0":
  version "7.1.1"
  resolved "https://registry.yarnpkg.com/@rails/actioncable/-/actioncable-7.1.1.tgz#e8c49769d41f35a4473133c259cc98adc04dddf8"
  integrity sha512-ZRJ9rdwFQQjRbtgJnweY0/4UQyxN6ojEGRdib0JkjnuIciv+4ok/aAeZmBJqNreTMaBqS0eHyA9hCArwN58opg==

"cable_ready@>= 4.5.0":
  version "5.0.1"
  resolved "https://registry.yarnpkg.com/cable_ready/-/cable_ready-5.0.1.tgz#1cef5991cf7a064d09971ed7d87c614dec2ee1e1"
  integrity sha512-+t9rKTgYwW5XBx113y97qC8MNEtBZZL84Isdec23HWvjMx0icOQsMzHJE75ycjevgjACTeWZqjRcCdtCHxgZ9g==
  dependencies:
    morphdom "2.6.1"

flowbite@^1.8.1:
  version "1.8.1"
  resolved "https://registry.yarnpkg.com/flowbite/-/flowbite-1.8.1.tgz#a1f5fb039c4c275414a457089b4917a67e9153a5"
  integrity sha512-lXTcO8a6dRTPFpINyOLcATCN/pK1Of/jY4PryklPllAiqH64tSDUsOdQpar3TO59ZXWwugm2e92oaqwH6X90Xg==
  dependencies:
    "@popperjs/core" "^2.9.3"
    mini-svg-data-uri "^1.4.3"

mini-svg-data-uri@^1.4.3:
  version "1.4.4"
  resolved "https://registry.yarnpkg.com/mini-svg-data-uri/-/mini-svg-data-uri-1.4.4.tgz#8ab0aabcdf8c29ad5693ca595af19dd2ead09939"
  integrity sha512-r9deDe9p5FJUPZAk3A59wGH7Ii9YrjjWw0jmw/liSbHl2CHiyXj6FcDXDu2K3TjVAXqiJdaw3xxwlZZr9E6nHg==

morphdom@2.6.1:
  version "2.6.1"
  resolved "https://registry.yarnpkg.com/morphdom/-/morphdom-2.6.1.tgz#e868e24f989fa3183004b159aed643e628b4306e"
  integrity sha512-Y8YRbAEP3eKykroIBWrjcfMw7mmwJfjhqdpSvoqinu8Y702nAwikpXcNFDiIkyvfCLxLM9Wu95RZqo4a9jFBaA==

stimulus_reflex@3.4.1:
  version "3.4.1"
  resolved "https://registry.yarnpkg.com/stimulus_reflex/-/stimulus_reflex-3.4.1.tgz#2606aee3b2911b5939d68f65a75262fe3c626204"
  integrity sha512-YbFcuE4HndNe9RBQvF/Vu+7GDt0zLGdhQTXuGfLDVti1qggPG3kPgV1YBZ9volzBTGUmLp2PQbxG9j5AIyYp5A==
  dependencies:
    "@rails/actioncable" ">= 6.0"
    cable_ready ">= 4.5.0"
